
Microsoft Visual Studio Solution File, Format Version 12.00
# Visual Studio Version 17
VisualStudioVersion = 17.8.34309.116
MinimumVisualStudioVersion = 10.0.40219.1
Project("{FAE04EC0-301F-11D3-BF4B-00C04F79EFBC}") = "HavaDurumuUygulamasi", "HavaDurumuUygulamasi\HavaDurumuUygulamasi.csproj", "{375DB502-6253-4BED-8E40-F23FA6C90067}"
EndProject
Global
	GlobalSection(SolutionConfigurationPlatforms) = preSolution
		Debug|Any CPU = Debug|Any CPU
		Release|Any CPU = Release|Any CPU
	EndGlobalSection
	GlobalSection(ProjectConfigurationPlatforms) = postSolution
		{375DB502-6253-4BED-8E40-F23FA6C90067}.Debug|Any CPU.ActiveCfg = Debug|Any CPU
		{375DB502-6253-4BED-8E40-F23FA6C90067}.Debug|Any CPU.Build.0 = Debug|Any CPU
		{375DB502-6253-4BED-8E40-F23FA6C90067}.Release|Any CPU.ActiveCfg = Release|Any CPU
		{375DB502-6253-4BED-8E40-F23FA6C90067}.Release|Any CPU.Build.0 = Release|Any CPU
	EndGlobalSection
	GlobalSection(SolutionProperties) = preSolution
		HideSolutionNode = FALSE
	EndGlobalSection
	GlobalSection(ExtensibilityGlobals) = postSolution
		SolutionGuid = {2D91AFD6-06DC-4FC1-B534-5FD7196F70E9}
	EndGlobalSection
EndGlobal
